{
  "version": 4,
  "terraform_version": "1.9.7",
  "serial": 7,
  "lineage": "b6809b69-d6f0-8f81-0fb5-07521fda5035",
  "outputs": {
    "fabric_capacity": {
      "value": {
        "display_name": "fcterraformfabric001",
        "id": "56503a29-1d5a-446d-a2c2-ff5474f644b0",
        "region": "West US 3",
        "sku": "F2",
        "state": "Active",
        "timeouts": null
      },
      "type": [
        "object",
        {
          "display_name": "string",
          "id": "string",
          "region": "string",
          "sku": "string",
          "state": "string",
          "timeouts": [
            "object",
            {
              "read": "string"
            }
          ]
        }
      ]
    },
    "fabric_workspace": {
      "value": {
        "capacity_assignment_progress": "Completed",
        "capacity_id": "56503a29-1d5a-446d-a2c2-ff5474f644b0",
        "capacity_region": "West US 3",
        "description": "",
        "display_name": "ws-terraformfabric001",
        "id": "3c9a6ca9-eef7-4d70-966c-431dea0432f6",
        "identity": null,
        "onelake_endpoints": {
          "blob_endpoint": "https://westus3-onelake.blob.fabric.microsoft.com",
          "dfs_endpoint": "https://westus3-onelake.dfs.fabric.microsoft.com"
        },
        "timeouts": null,
        "type": "Workspace"
      },
      "type": [
        "object",
        {
          "capacity_assignment_progress": "string",
          "capacity_id": "string",
          "capacity_region": "string",
          "description": "string",
          "display_name": "string",
          "id": "string",
          "identity": [
            "object",
            {
              "application_id": "string",
              "service_principal_id": "string",
              "type": "string"
            }
          ],
          "onelake_endpoints": [
            "object",
            {
              "blob_endpoint": "string",
              "dfs_endpoint": "string"
            }
          ],
          "timeouts": [
            "object",
            {
              "create": "string",
              "delete": "string",
              "read": "string",
              "update": "string"
            }
          ],
          "type": "string"
        }
      ]
    }
  },
  "resources": [
    {
      "mode": "data",
      "type": "azuread_user",
      "name": "example",
      "provider": "provider[\"registry.terraform.io/hashicorp/azuread\"]",
      "instances": [
        {
          "schema_version": 0,
          "attributes": {
            "account_enabled": true,
            "age_group": "",
            "business_phones": [],
            "city": "",
            "company_name": "Crayon France",
            "consent_provided_for_minor": "",
            "cost_center": null,
            "country": "France",
            "creation_type": "",
            "department": "",
            "display_name": "Antoine WANG",
            "division": null,
            "employee_id": "201710",
            "employee_type": "Employee",
            "external_user_state": "",
            "fax_number": "",
            "given_name": "Antoine",
            "id": "/users/37f06dc5-44e1-4549-a805-a3c5abca2f48",
            "im_addresses": [
              "antoine.wang@crayon.com"
            ],
            "job_title": "Cloud Consultant",
            "mail": "Antoine.WANG@crayon.com",
            "mail_nickname": "antwang",
            "manager_id": "7ed82235-4d56-47e2-be99-7124fccbc50f",
            "mobile_phone": "",
            "object_id": "37f06dc5-44e1-4549-a805-a3c5abca2f48",
            "office_location": "Paris-Head Office",
            "onpremises_distinguished_name": "CN=Antoine Wang,OU=FR,OU=Crayon,OU=Production,OU=Domain_Users,OU=Users,OU=_ROOT,DC=crayon,DC=as",
            "onpremises_domain_name": "crayon.as",
            "onpremises_immutable_id": "Fn7qiKps2EKZREh8/Dw5Fg==",
            "onpremises_sam_account_name": "antwang",
            "onpremises_security_identifier": "S-1-5-21-299502267-1078145449-1343024091-70178",
            "onpremises_sync_enabled": true,
            "onpremises_user_principal_name": "antoine.wang@crayon.com",
            "other_mails": [],
            "postal_code": "",
            "preferred_language": "",
            "proxy_addresses": [
              "X500:/o=CrayonAS/ou=Exchange Administrative Group (FYDIBOHF23SPDLT)/cn=Recipients/cn=d01efce2496c4bf1ba88fa8fd682dc69-Antoine Wang",
              "x500:/o=ExchangeLabs/ou=Exchange Administrative Group (FYDIBOHF23SPDLT)/cn=Recipients/cn=4e848b795dc846a7b583dafdaeff3ff4-37f06dc5-44",
              "smtp:antwang@Crayon.mail.onmicrosoft.com",
              "smtp:antoine.wang@crayon.mail.onmicrosoft.com",
              "SMTP:Antoine.WANG@crayon.com",
              "smtp:antwang@Crayon.onmicrosoft.com"
            ],
            "show_in_address_list": false,
            "state": "",
            "street_address": "",
            "surname": "WANG",
            "timeouts": null,
            "usage_location": "FR",
            "user_principal_name": "antoine.wang@crayon.com",
            "user_type": "Member"
          },
          "sensitive_attributes": []
        }
      ]
    },
    {
      "mode": "data",
      "type": "azurerm_client_config",
      "name": "example",
      "provider": "provider[\"registry.terraform.io/hashicorp/azurerm\"]",
      "instances": [
        {
          "schema_version": 0,
          "attributes": {
            "client_id": "04b07795-8ddb-461a-bbee-02f9e1bf7b46",
            "id": "Y2xpZW50Q29uZmlncy9jbGllbnRJZD0wNGIwNzc5NS04ZGRiLTQ2MWEtYmJlZS0wMmY5ZTFiZjdiNDY7b2JqZWN0SWQ9MzdmMDZkYzUtNDRlMS00NTQ5LWE4MDUtYTNjNWFiY2EyZjQ4O3N1YnNjcmlwdGlvbklkPTljNGIzN2U5LTk1ZjgtNGUwOS05ZTFlLTQ1MmQwZDViN2Y3ZTt0ZW5hbnRJZD04ZjQ3YWQ3MS00NGNhLTQ4YmYtYWZlMy01NmI5MzYwYTQ0OTU=",
            "object_id": "37f06dc5-44e1-4549-a805-a3c5abca2f48",
            "subscription_id": "9c4b37e9-95f8-4e09-9e1e-452d0d5b7f7e",
            "tenant_id": "8f47ad71-44ca-48bf-afe3-56b9360a4495",
            "timeouts": null
          },
          "sensitive_attributes": []
        }
      ]
    },
    {
      "mode": "data",
      "type": "fabric_capacity",
      "name": "example",
      "provider": "provider[\"registry.terraform.io/microsoft/fabric\"]",
      "instances": [
        {
          "schema_version": 0,
          "attributes": {
            "display_name": "fcterraformfabric001",
            "id": "56503a29-1d5a-446d-a2c2-ff5474f644b0",
            "region": "West US 3",
            "sku": "F2",
            "state": "Active",
            "timeouts": null
          },
          "sensitive_attributes": []
        }
      ]
    },
    {
      "mode": "managed",
      "type": "azapi_resource",
      "name": "fabric_capacity_example",
      "provider": "provider[\"registry.terraform.io/azure/azapi\"]",
      "instances": [
        {
          "schema_version": 2,
          "attributes": {
            "body": {
              "value": {
                "properties": {
                  "administration": {
                    "members": [
                      "antoine.wang@crayon.com"
                    ]
                  }
                },
                "sku": {
                  "name": "F2",
                  "tier": "Fabric"
                }
              },
              "type": [
                "object",
                {
                  "properties": [
                    "object",
                    {
                      "administration": [
                        "object",
                        {
                          "members": [
                            "tuple",
                            [
                              "string"
                            ]
                          ]
                        }
                      ]
                    }
                  ],
                  "sku": [
                    "object",
                    {
                      "name": "string",
                      "tier": "string"
                    }
                  ]
                }
              ]
            },
            "create_headers": null,
            "create_query_parameters": null,
            "delete_headers": null,
            "delete_query_parameters": null,
            "id": "/subscriptions/9c4b37e9-95f8-4e09-9e1e-452d0d5b7f7e/resourceGroups/rg-terraformfabric001/providers/Microsoft.Fabric/capacities/fcterraformfabric001",
            "identity": [],
            "ignore_casing": false,
            "ignore_missing_property": true,
            "location": "WestUS3",
            "locks": null,
            "name": "fcterraformfabric001",
            "output": {
              "value": {
                "id": "/subscriptions/9c4b37e9-95f8-4e09-9e1e-452d0d5b7f7e/resourceGroups/rg-terraformfabric001/providers/Microsoft.Fabric/capacities/fcterraformfabric001",
                "properties": {
                  "administration": {
                    "members": [
                      "antoine.wang@crayon.com"
                    ]
                  },
                  "provisioningState": "Succeeded",
                  "state": "Active"
                },
                "type": "Microsoft.Fabric/capacities"
              },
              "type": [
                "object",
                {
                  "id": "string",
                  "properties": [
                    "object",
                    {
                      "administration": [
                        "object",
                        {
                          "members": [
                            "tuple",
                            [
                              "string"
                            ]
                          ]
                        }
                      ],
                      "provisioningState": "string",
                      "state": "string"
                    }
                  ],
                  "type": "string"
                }
              ]
            },
            "parent_id": "/subscriptions/9c4b37e9-95f8-4e09-9e1e-452d0d5b7f7e/resourceGroups/rg-terraformfabric001",
            "read_headers": null,
            "read_query_parameters": null,
            "replace_triggers_external_values": null,
            "replace_triggers_refs": null,
            "response_export_values": null,
            "retry": null,
            "schema_validation_enabled": false,
            "tags": null,
            "timeouts": null,
            "type": "Microsoft.Fabric/capacities@2023-11-01",
            "update_headers": null,
            "update_query_parameters": null
          },
          "sensitive_attributes": [],
          "dependencies": [
            "azurerm_resource_group.example",
            "data.azuread_user.example",
            "data.azurerm_client_config.example"
          ]
        }
      ]
    },
    {
      "mode": "managed",
      "type": "azurerm_resource_group",
      "name": "example",
      "provider": "provider[\"registry.terraform.io/hashicorp/azurerm\"]",
      "instances": [
        {
          "schema_version": 0,
          "attributes": {
            "id": "/subscriptions/9c4b37e9-95f8-4e09-9e1e-452d0d5b7f7e/resourceGroups/rg-terraformfabric001",
            "location": "westus3",
            "managed_by": "",
            "name": "rg-terraformfabric001",
            "tags": null,
            "timeouts": null
          },
          "sensitive_attributes": [],
          "private": "eyJlMmJmYjczMC1lY2FhLTExZTYtOGY4OC0zNDM2M2JjN2M0YzAiOnsiY3JlYXRlIjo1NDAwMDAwMDAwMDAwLCJkZWxldGUiOjU0MDAwMDAwMDAwMDAsInJlYWQiOjMwMDAwMDAwMDAwMCwidXBkYXRlIjo1NDAwMDAwMDAwMDAwfX0="
        }
      ]
    },
    {
      "mode": "managed",
      "type": "fabric_workspace",
      "name": "example",
      "provider": "provider[\"registry.terraform.io/microsoft/fabric\"]",
      "instances": [
        {
          "schema_version": 0,
          "attributes": {
            "capacity_assignment_progress": "Completed",
            "capacity_id": "56503a29-1d5a-446d-a2c2-ff5474f644b0",
            "capacity_region": "West US 3",
            "description": "",
            "display_name": "ws-terraformfabric001",
            "id": "3c9a6ca9-eef7-4d70-966c-431dea0432f6",
            "identity": null,
            "onelake_endpoints": {
              "blob_endpoint": "https://westus3-onelake.blob.fabric.microsoft.com",
              "dfs_endpoint": "https://westus3-onelake.dfs.fabric.microsoft.com"
            },
            "timeouts": null,
            "type": "Workspace"
          },
          "sensitive_attributes": [],
          "dependencies": [
            "azapi_resource.fabric_capacity_example",
            "azurerm_resource_group.example",
            "data.azuread_user.example",
            "data.azurerm_client_config.example",
            "data.fabric_capacity.example"
          ]
        }
      ]
    }
  ],
  "check_results": null
}
